
Microsoft Visual Studio Solution File, Format Version 12.00
# Visual Studio Version 16
VisualStudioVersion = 16.0.31729.503
MinimumVisualStudioVersion = 10.0.40219.1
Project("{FAE04EC0-301F-11D3-BF4B-00C04F79EFBC}") = "CarRental", "CarRental.csproj", "{820017BD-097B-4D9A-B1B0-150BAE357388}"
EndProject
Global
	GlobalSection(SolutionConfigurationPlatforms) = preSolution
		Debug|Any CPU = Debug|Any CPU
		Release|Any CPU = Release|Any CPU
	EndGlobalSection
	GlobalSection(ProjectConfigurationPlatforms) = postSolution
		{820017BD-097B-4D9A-B1B0-150BAE357388}.Debug|Any CPU.ActiveCfg = Debug|Any CPU
		{820017BD-097B-4D9A-B1B0-150BAE357388}.Debug|Any CPU.Build.0 = Debug|Any CPU
		{820017BD-097B-4D9A-B1B0-150BAE357388}.Release|Any CPU.ActiveCfg = Release|Any CPU
		{820017BD-097B-4D9A-B1B0-150BAE357388}.Release|Any CPU.Build.0 = Release|Any CPU
	EndGlobalSection
	GlobalSection(SolutionProperties) = preSolution
		HideSolutionNode = FALSE
	EndGlobalSection
	GlobalSection(ExtensibilityGlobals) = postSolution
		SolutionGuid = {7F033FC0-0885-44B1-BAF8-6CA11D96AB8D}
	EndGlobalSection
EndGlobal
